// !$*UTF8*$!
{
	archiveVersion = 1;
	classes = {
	};
	objectVersion = 52;
	objects = {

/* Begin PBXBuildFile section */
		AA5555BE2540F9E10029A740 /* AppDelegate.swift in Sources */ = {isa = PBXBuildFile; fileRef = AA5555BD2540F9E10029A740 /* AppDelegate.swift */; };
		AA5555C02540F9E10029A740 /* SceneDelegate.swift in Sources */ = {isa = PBXBuildFile; fileRef = AA5555BF2540F9E10029A740 /* SceneDelegate.swift */; };
		AA5555C22540F9E10029A740 /* ViewController.swift in Sources */ = {isa = PBXBuildFile; fileRef = AA5555C12540F9E10029A740 /* ViewController.swift */; };
		AA5555C52540F9E10029A740 /* Main.storyboard in Resources */ = {isa = PBXBuildFile; fileRef = AA5555C32540F9E10029A740 /* Main.storyboard */; };
		AA5555C72540F9E20029A740 /* Assets.xcassets in Resources */ = {isa = PBXBuildFile; fileRef = AA5555C62540F9E20029A740 /* Assets.xcassets */; };
		AA5555CA2540F9E20029A740 /* LaunchScreen.storyboard in Resources */ = {isa = PBXBuildFile; fileRef = AA5555C82540F9E20029A740 /* LaunchScreen.storyboard */; };
		AA5555D42540FA6D0029A740 /* Alamofire in Frameworks */ = {isa = PBXBuildFile; productRef = AA5555D32540FA6D0029A740 /* Alamofire */; };
		AA5555D82540FA980029A740 /* SwiftyJSON in Frameworks */ = {isa = PBXBuildFile; productRef = AA5555D72540FA980029A740 /* SwiftyJSON */; };
		AA5555DC2540FAC50029A740 /* MessageKit in Frameworks */ = {isa = PBXBuildFile; productRef = AA5555DB2540FAC50029A740 /* MessageKit */; };
		AA5555DF2540FB2D0029A740 /* ResultVC.swift in Sources */ = {isa = PBXBuildFile; fileRef = AA5555DE2540FB2D0029A740 /* ResultVC.swift */; };
/* End PBXBuildFile section */

/* Begin PBXFileReference section */
		AA5555BA2540F9E10029A740 /* SeguePage.app */ = {isa = PBXFileReference; explicitFileType = wrapper.application; includeInIndex = 0; path = SeguePage.app; sourceTree = BUILT_PRODUCTS_DIR; };
		AA5555BD2540F9E10029A740 /* AppDelegate.swift */ = {isa = PBXFileReference; lastKnownFileType = sourcecode.swift; path = AppDelegate.swift; sourceTree = "<group>"; };
		AA5555BF2540F9E10029A740 /* SceneDelegate.swift */ = {isa = PBXFileReference; lastKnownFileType = sourcecode.swift; path = SceneDelegate.swift; sourceTree = "<group>"; };
		AA5555C12540F9E10029A740 /* ViewController.swift */ = {isa = PBXFileReference; lastKnownFileType = sourcecode.swift; path = ViewController.swift; sourceTree = "<group>"; };
		AA5555C42540F9E10029A740 /* Base */ = {isa = PBXFileReference; lastKnownFileType = file.storyboard; name = Base; path = Base.lproj/Main.storyboard; sourceTree = "<group>"; };
		AA5555C62540F9E20029A740 /* Assets.xcassets */ = {isa = PBXFileReference; lastKnownFileType = folder.assetcatalog; path = Assets.xcassets; sourceTree = "<group>"; };
		AA5555C92540F9E20029A740 /* Base */ = {isa = PBXFileReference; lastKnownFileType = file.storyboard; name = Base; path = Base.lproj/LaunchScreen.storyboard; sourceTree = "<group>"; };
		AA5555CB2540F9E20029A740 /* Info.plist */ = {isa = PBXFileReference; lastKnownFileType = text.plist.xml; path = Info.plist; sourceTree = "<group>"; };
		AA5555DE2540FB2D0029A740 /* ResultVC.swift */ = {isa = PBXFileReference; lastKnownFileType = sourcecode.swift; path = ResultVC.swift; sourceTree = "<group>"; };
/* End PBXFileReference section */

/* Begin PBXFrameworksBuildPhase section */
		AA5555B72540F9E10029A740 /* Frameworks */ = {
			isa = PBXFrameworksBuildPhase;
			buildActionMask = 2147483647;
			files = (
				AA5555DC2540FAC50029A740 /* MessageKit in Frameworks */,
				AA5555D82540FA980029A740 /* SwiftyJSON in Frameworks */,
				AA5555D42540FA6D0029A740 /* Alamofire in Frameworks */,
			);
			runOnlyForDeploymentPostprocessing = 0;
		};
/* End PBXFrameworksBuildPhase section */

/* Begin PBXGroup section */
		AA5555B12540F9E10029A740 = {
			isa = PBXGroup;
			children = (
				AA5555BC2540F9E10029A740 /* SeguePage */,
				AA5555BB2540F9E10029A740 /* Products */,
			);
			sourceTree = "<group>";
		};
		AA5555BB2540F9E10029A740 /* Products */ = {
			isa = PBXGroup;
			children = (
				AA5555BA2540F9E10029A740 /* SeguePage.app */,
			);
			name = Products;
			sourceTree = "<group>";
		};
		AA5555BC2540F9E10029A740 /* SeguePage */ = {
			isa = PBXGroup;
			children = (
				AA5555BD2540F9E10029A740 /* AppDelegate.swift */,
				AA5555BF2540F9E10029A740 /* SceneDelegate.swift */,
				AA5555C12540F9E10029A740 /* ViewController.swift */,
				AA5555DE2540FB2D0029A740 /* ResultVC.swift */,
				AA5555C32540F9E10029A740 /* Main.storyboard */,
				AA5555C62540F9E20029A740 /* Assets.xcassets */,
				AA5555C82540F9E20029A740 /* LaunchScreen.storyboard */,
				AA5555CB2540F9E20029A740 /* Info.plist */,
			);
			path = SeguePage;
			sourceTree = "<group>";
		};
/* End PBXGroup section */

/* Begin PBXNativeTarget section */
		AA5555B92540F9E10029A740 /* SeguePage */ = {
			isa = PBXNativeTarget;
			buildConfigurationList = AA5555CE2540F9E20029A740 /* Build configuration list for PBXNativeTarget "SeguePage" */;
			buildPhases = (
				AA5555B62540F9E10029A740 /* Sources */,
				AA5555B72540F9E10029A740 /* Frameworks */,
				AA5555B82540F9E10029A740 /* Resources */,
			);
			buildRules = (
			);
			dependencies = (
			);
			name = SeguePage;
			packageProductDependencies = (
				AA5555D32540FA6D0029A740 /* Alamofire */,
				AA5555D72540FA980029A740 /* SwiftyJSON */,
				AA5555DB2540FAC50029A740 /* MessageKit */,
			);
			productName = SeguePage;
			productReference = AA5555BA2540F9E10029A740 /* SeguePage.app */;
			productType = "com.apple.product-type.application";
		};
/* End PBXNativeTarget section */

/* Begin PBXProject section */
		AA5555B22540F9E10029A740 /* Project object */ = {
			isa = PBXProject;
			attributes = {
				LastSwiftUpdateCheck = 1200;
				LastUpgradeCheck = 1200;
				TargetAttributes = {
					AA5555B92540F9E10029A740 = {
						CreatedOnToolsVersion = 12.0.1;
					};
				};
			};
			buildConfigurationList = AA5555B52540F9E10029A740 /* Build configuration list for PBXProject "SeguePage" */;
			compatibilityVersion = "Xcode 9.3";
			developmentRegion = en;
			hasScannedForEncodings = 0;
			knownRegions = (
				en,
				Base,
			);
			mainGroup = AA5555B12540F9E10029A740;
			packageReferences = (
				AA5555D22540FA6D0029A740 /* XCRemoteSwiftPackageReference "Alamofire" */,
				AA5555D62540FA980029A740 /* XCRemoteSwiftPackageReference "SwiftyJSON" */,
				AA5555DA2540FAC50029A740 /* XCRemoteSwiftPackageReference "MessageKit" */,
			);
			productRefGroup = AA5555BB2540F9E10029A740 /* Products */;
			projectDirPath = "";
			projectRoot = "";
			targets = (
				AA5555B92540F9E10029A740 /* SeguePage */,
			);
		};
/* End PBXProject section */

/* Begin PBXResourcesBuildPhase section */
		AA5555B82540F9E10029A740 /* Resources */ = {
			isa = PBXResourcesBuildPhase;
			buildActionMask = 2147483647;
			files = (
				AA5555CA2540F9E20029A740 /* LaunchScreen.storyboard in Resources */,
				AA5555C72540F9E20029A740 /* Assets.xcassets in Resources */,
				AA5555C52540F9E10029A740 /* Main.storyboard in Resources */,
			);
			runOnlyForDeploymentPostprocessing = 0;
		};
/* End PBXResourcesBuildPhase section */

/* Begin PBXSourcesBuildPhase section */
		AA5555B62540F9E10029A740 /* Sources */ = {
			isa = PBXSourcesBuildPhase;
			buildActionMask = 2147483647;
			files = (
				AA5555C22540F9E10029A740 /* ViewController.swift in Sources */,
				AA5555DF2540FB2D0029A740 /* ResultVC.swift in Sources */,
				AA5555BE2540F9E10029A740 /* AppDelegate.swift in Sources */,
				AA5555C02540F9E10029A740 /* SceneDelegate.swift in Sources */,
			);
			runOnlyForDeploymentPostprocessing = 0;
		};
/* End PBXSourcesBuildPhase section */

/* Begin PBXVariantGroup section */
		AA5555C32540F9E10029A740 /* Main.storyboard */ = {
			isa = PBXVariantGroup;
			children = (
				AA5555C42540F9E10029A740 /* Base */,
			);
			name = Main.storyboard;
			sourceTree = "<group>";
		};
		AA5555C82540F9E20029A740 /* LaunchScreen.storyboard */ = {
			isa = PBXVariantGroup;
			children = (
				AA5555C92540F9E20029A740 /* Base */,
			);
			name = LaunchScreen.storyboard;
			sourceTree = "<group>";
		};
/* End PBXVariantGroup section */

/* Begin XCBuildConfiguration section */
		AA5555CC2540F9E20029A740 /* Debug */ = {
			isa = XCBuildConfiguration;
			buildSettings = {
				ALWAYS_SEARCH_USER_PATHS = NO;
				CLANG_ANALYZER_NONNULL = YES;
				CLANG_ANALYZER_NUMBER_OBJECT_CONVERSION = YES_AGGRESSIVE;
				CLANG_CXX_LANGUAGE_STANDARD = "gnu++14";
				CLANG_CXX_LIBRARY = "libc++";
				CLANG_ENABLE_MODULES = YES;
				CLANG_ENABLE_OBJC_ARC = YES;
				CLANG_ENABLE_OBJC_WEAK = YES;
				CLANG_WARN_BLOCK_CAPTURE_AUTORELEASING = YES;
				CLANG_WARN_BOOL_CONVERSION = YES;
				CLANG_WARN_COMMA = YES;
				CLANG_WARN_CONSTANT_CONVERSION = YES;
				CLANG_WARN_DEPRECATED_OBJC_IMPLEMENTATIONS = YES;
				CLANG_WARN_DIRECT_OBJC_ISA_USAGE = YES_ERROR;
				CLANG_WARN_DOCUMENTATION_COMMENTS = YES;
				CLANG_WARN_EMPTY_BODY = YES;
				CLANG_WARN_ENUM_CONVERSION = YES;
				CLANG_WARN_INFINITE_RECURSION = YES;
				CLANG_WARN_INT_CONVERSION = YES;
				CLANG_WARN_NON_LITERAL_NULL_CONVERSION = YES;
				CLANG_WARN_OBJC_IMPLICIT_RETAIN_SELF = YES;
				CLANG_WARN_OBJC_LITERAL_CONVERSION = YES;
				CLANG_WARN_OBJC_ROOT_CLASS = YES_ERROR;
				CLANG_WARN_QUOTED_INCLUDE_IN_FRAMEWORK_HEADER = YES;
				CLANG_WARN_RANGE_LOOP_ANALYSIS = YES;
				CLANG_WARN_STRICT_PROTOTYPES = YES;
				CLANG_WARN_SUSPICIOUS_MOVE = YES;
				CLANG_WARN_UNGUARDED_AVAILABILITY = YES_AGGRESSIVE;
				CLANG_WARN_UNREACHABLE_CODE = YES;
				CLANG_WARN__DUPLICATE_METHOD_MATCH = YES;
				COPY_PHASE_STRIP = NO;
				DEBUG_INFORMATION_FORMAT = dwarf;
				ENABLE_STRICT_OBJC_MSGSEND = YES;
				ENABLE_TESTABILITY = YES;
				GCC_C_LANGUAGE_STANDARD = gnu11;
				GCC_DYNAMIC_NO_PIC = NO;
				GCC_NO_COMMON_BLOCKS = YES;
				GCC_OPTIMIZATION_LEVEL = 0;
				GCC_PREPROCESSOR_DEFINITIONS = (
					"DEBUG=1",
					"$(inherited)",
				);
				GCC_WARN_64_TO_32_BIT_CONVERSION = YES;
				GCC_WARN_ABOUT_RETURN_TYPE = YES_ERROR;
				GCC_WARN_UNDECLARED_SELECTOR = YES;
				GCC_WARN_UNINITIALIZED_AUTOS = YES_AGGRESSIVE;
				GCC_WARN_UNUSED_FUNCTION = YES;
				GCC_WARN_UNUSED_VARIABLE = YES;
				IPHONEOS_DEPLOYMENT_TARGET = 14.0;
				MTL_ENABLE_DEBUG_INFO = INCLUDE_SOURCE;
				MTL_FAST_MATH = YES;
				ONLY_ACTIVE_ARCH = YES;
				SDKROOT = iphoneos;
				SWIFT_ACTIVE_COMPILATION_CONDITIONS = DEBUG;
				SWIFT_OPTIMIZATION_LEVEL = "-Onone";
			};
			name = Debug;
		};
		AA5555CD2540F9E20029A740 /* Release */ = {
			isa = XCBuildConfiguration;
			buildSettings = {
				ALWAYS_SEARCH_USER_PATHS = NO;
				CLANG_ANALYZER_NONNULL = YES;
				CLANG_ANALYZER_NUMBER_OBJECT_CONVERSION = YES_AGGRESSIVE;
				CLANG_CXX_LANGUAGE_STANDARD = "gnu++14";
				CLANG_CXX_LIBRARY = "libc++";
				CLANG_ENABLE_MODULES = YES;
				CLANG_ENABLE_OBJC_ARC = YES;
				CLANG_ENABLE_OBJC_WEAK = YES;
				CLANG_WARN_BLOCK_CAPTURE_AUTORELEASING = YES;
				CLANG_WARN_BOOL_CONVERSION = YES;
				CLANG_WARN_COMMA = YES;
				CLANG_WARN_CONSTANT_CONVERSION = YES;
				CLANG_WARN_DEPRECATED_OBJC_IMPLEMENTATIONS = YES;
				CLANG_WARN_DIRECT_OBJC_ISA_USAGE = YES_ERROR;
				CLANG_WARN_DOCUMENTATION_COMMENTS = YES;
				CLANG_WARN_EMPTY_BODY = YES;
				CLANG_WARN_ENUM_CONVERSION = YES;
				CLANG_WARN_INFINITE_RECURSION = YES;
				CLANG_WARN_INT_CONVERSION = YES;
				CLANG_WARN_NON_LITERAL_NULL_CONVERSION = YES;
				CLANG_WARN_OBJC_IMPLICIT_RETAIN_SELF = YES;
				CLANG_WARN_OBJC_LITERAL_CONVERSION = YES;
				CLANG_WARN_OBJC_ROOT_CLASS = YES_ERROR;
				CLANG_WARN_QUOTED_INCLUDE_IN_FRAMEWORK_HEADER = YES;
				CLANG_WARN_RANGE_LOOP_ANALYSIS = YES;
				CLANG_WARN_STRICT_PROTOTYPES = YES;
				CLANG_WARN_SUSPICIOUS_MOVE = YES;
				CLANG_WARN_UNGUARDED_AVAILABILITY = YES_AGGRESSIVE;
				CLANG_WARN_UNREACHABLE_CODE = YES;
				CLANG_WARN__DUPLICATE_METHOD_MATCH = YES;
				COPY_PHASE_STRIP = NO;
				DEBUG_INFORMATION_FORMAT = "dwarf-with-dsym";
				ENABLE_NS_ASSERTIONS = NO;
				ENABLE_STRICT_OBJC_MSGSEND = YES;
				GCC_C_LANGUAGE_STANDARD = gnu11;
				GCC_NO_COMMON_BLOCKS = YES;
				GCC_WARN_64_TO_32_BIT_CONVERSION = YES;
				GCC_WARN_ABOUT_RETURN_TYPE = YES_ERROR;
				GCC_WARN_UNDECLARED_SELECTOR = YES;
				GCC_WARN_UNINITIALIZED_AUTOS = YES_AGGRESSIVE;
				GCC_WARN_UNUSED_FUNCTION = YES;
				GCC_WARN_UNUSED_VARIABLE = YES;
				IPHONEOS_DEPLOYMENT_TARGET = 14.0;
				MTL_ENABLE_DEBUG_INFO = NO;
				MTL_FAST_MATH = YES;
				SDKROOT = iphoneos;
				SWIFT_COMPILATION_MODE = wholemodule;
				SWIFT_OPTIMIZATION_LEVEL = "-O";
				VALIDATE_PRODUCT = YES;
			};
			name = Release;
		};
		AA5555CF2540F9E20029A740 /* Debug */ = {
			isa = XCBuildConfiguration;
			buildSettings = {
				ASSETCATALOG_COMPILER_APPICON_NAME = AppIcon;
				ASSETCATALOG_COMPILER_GLOBAL_ACCENT_COLOR_NAME = AccentColor;
				CODE_SIGN_STYLE = Automatic;
				DEVELOPMENT_TEAM = U4WHYADYH2;
				INFOPLIST_FILE = SeguePage/Info.plist;
				LD_RUNPATH_SEARCH_PATHS = (
					"$(inherited)",
					"@executable_path/Frameworks",
				);
				PRODUCT_BUNDLE_IDENTIFIER = world.aiclub.SeguePage;
				PRODUCT_NAME = "$(TARGET_NAME)";
				SWIFT_VERSION = 5.0;
				TARGETED_DEVICE_FAMILY = "1,2";
			};
			name = Debug;
		};
		AA5555D02540F9E20029A740 /* Release */ = {
			isa = XCBuildConfiguration;
			buildSettings = {
				ASSETCATALOG_COMPILER_APPICON_NAME = AppIcon;
				ASSETCATALOG_COMPILER_GLOBAL_ACCENT_COLOR_NAME = AccentColor;
				CODE_SIGN_STYLE = Automatic;
				DEVELOPMENT_TEAM = U4WHYADYH2;
				INFOPLIST_FILE = SeguePage/Info.plist;
				LD_RUNPATH_SEARCH_PATHS = (
					"$(inherited)",
					"@executable_path/Frameworks",
				);
				PRODUCT_BUNDLE_IDENTIFIER = world.aiclub.SeguePage;
				PRODUCT_NAME = "$(TARGET_NAME)";
				SWIFT_VERSION = 5.0;
				TARGETED_DEVICE_FAMILY = "1,2";
			};
			name = Release;
		};
/* End XCBuildConfiguration section */

/* Begin XCConfigurationList section */
		AA5555B52540F9E10029A740 /* Build configuration list for PBXProject "SeguePage" */ = {
			isa = XCConfigurationList;
			buildConfigurations = (
				AA5555CC2540F9E20029A740 /* Debug */,
				AA5555CD2540F9E20029A740 /* Release */,
			);
			defaultConfigurationIsVisible = 0;
			defaultConfigurationName = Release;
		};
		AA5555CE2540F9E20029A740 /* Build configuration list for PBXNativeTarget "SeguePage" */ = {
			isa = XCConfigurationList;
			buildConfigurations = (
				AA5555CF2540F9E20029A740 /* Debug */,
				AA5555D02540F9E20029A740 /* Release */,
			);
			defaultConfigurationIsVisible = 0;
			defaultConfigurationName = Release;
		};
/* End XCConfigurationList section */

/* Begin XCRemoteSwiftPackageReference section */
		AA5555D22540FA6D0029A740 /* XCRemoteSwiftPackageReference "Alamofire" */ = {
			isa = XCRemoteSwiftPackageReference;
			repositoryURL = "https://github.com/Alamofire/Alamofire";
			requirement = {
				kind = upToNextMajorVersion;
				minimumVersion = 5.3.0;
			};
		};
		AA5555D62540FA980029A740 /* XCRemoteSwiftPackageReference "SwiftyJSON" */ = {
			isa = XCRemoteSwiftPackageReference;
			repositoryURL = "https://github.com/SwiftyJSON/SwiftyJSON";
			requirement = {
				kind = upToNextMajorVersion;
				minimumVersion = 5.0.0;
			};
		};
		AA5555DA2540FAC50029A740 /* XCRemoteSwiftPackageReference "MessageKit" */ = {
			isa = XCRemoteSwiftPackageReference;
			repositoryURL = "https://github.com/MessageKit/MessageKit";
			requirement = {
				kind = upToNextMajorVersion;
				minimumVersion = 3.4.2;
			};
		};
/* End XCRemoteSwiftPackageReference section */

/* Begin XCSwiftPackageProductDependency section */
		AA5555D32540FA6D0029A740 /* Alamofire */ = {
			isa = XCSwiftPackageProductDependency;
			package = AA5555D22540FA6D0029A740 /* XCRemoteSwiftPackageReference "Alamofire" */;
			productName = Alamofire;
		};
		AA5555D72540FA980029A740 /* SwiftyJSON */ = {
			isa = XCSwiftPackageProductDependency;
			package = AA5555D62540FA980029A740 /* XCRemoteSwiftPackageReference "SwiftyJSON" */;
			productName = SwiftyJSON;
		};
		AA5555DB2540FAC50029A740 /* MessageKit */ = {
			isa = XCSwiftPackageProductDependency;
			package = AA5555DA2540FAC50029A740 /* XCRemoteSwiftPackageReference "MessageKit" */;
			productName = MessageKit;
		};
/* End XCSwiftPackageProductDependency section */
	};
	rootObject = AA5555B22540F9E10029A740 /* Project object */;
}
